
Microsoft Visual Studio Solution File, Format Version 12.00
# Visual Studio Version 16
VisualStudioVersion = 16.0.30523.141
MinimumVisualStudioVersion = 10.0.40219.1
Project("{FAE04EC0-301F-11D3-BF4B-00C04F79EFBC}") = "двойной факториал перед арг методу без рек", "двойной факториал перед арг методу без рек\двойной факториал перед арг методу без рек.csproj", "{0E66F15A-5824-4246-86BE-C9FF8811AB75}"
EndProject
Global
	GlobalSection(SolutionConfigurationPlatforms) = preSolution
		Debug|Any CPU = Debug|Any CPU
		Release|Any CPU = Release|Any CPU
	EndGlobalSection
	GlobalSection(ProjectConfigurationPlatforms) = postSolution
		{0E66F15A-5824-4246-86BE-C9FF8811AB75}.Debug|Any CPU.ActiveCfg = Debug|Any CPU
		{0E66F15A-5824-4246-86BE-C9FF8811AB75}.Debug|Any CPU.Build.0 = Debug|Any CPU
		{0E66F15A-5824-4246-86BE-C9FF8811AB75}.Release|Any CPU.ActiveCfg = Release|Any CPU
		{0E66F15A-5824-4246-86BE-C9FF8811AB75}.Release|Any CPU.Build.0 = Release|Any CPU
	EndGlobalSection
	GlobalSection(SolutionProperties) = preSolution
		HideSolutionNode = FALSE
	EndGlobalSection
	GlobalSection(ExtensibilityGlobals) = postSolution
		SolutionGuid = {71FF9990-B794-48A9-A4F6-DE6CD762B0A6}
	EndGlobalSection
EndGlobal
